<Solution>
  <Project Path="ejercicio/ejercicio1.csproj" Id="00f2790a-e716-432c-bd4d-8f34b634acfd" />
  <Project Path="ejercicio2/ejercicio2.csproj" Id="8e0e8171-1549-4141-889f-128a4b240aae" />
  <Project Path="ejercicio3/ejercicio3.csproj" Id="b1902f88-48ce-46d3-b1b8-cf2e9c89246b" />
  <Project Path="ejercicio4/ejercicio4.csproj" Id="3a32eda5-4063-4ce6-9606-aa9022e0df6c" />
</Solution>
