<Solution>
  <Project Path="ejercicio1/ejercicio1.csproj" Id="d59f7305-d5e2-4c22-a800-849eab36a9bf" />
  <Project Path="ejercicio2/ejercicio2.csproj" Id="d0b84db7-db12-451d-8aeb-dbfe5b5691d5" />
  <Project Path="ejercicio3/ejercicio3.csproj" Id="7c7043bc-ea71-4d01-9fa0-26e36e5a41dd" />
</Solution>
