<Solution>
  <Project Path="ejercicio1/ejercicio1.csproj" Id="732ac0ca-2464-4988-9ddb-b3ed1e7635c2" />
  <Project Path="ejercicio2/ejercicio2.csproj" Id="707f2dd0-9887-472e-81bd-7d7908960753" />
  <Project Path="ejercicio3/ejercicio3.csproj" Id="df61bca3-e248-488b-9633-094266524ce9" />
  <Project Path="ejercicio4/ejercicio4.csproj" Id="dae5b4b5-9e76-41ff-b227-85c4cd434119" />
  <Project Path="ejercicio5/ejercicio5.csproj" Id="1c7ea7bc-c68b-45af-baa9-f8a681a5e8b0" />
</Solution>
