<Solution>
  <Project Path="ejercicio1/ejercicio1.csproj" Id="58c98150-2939-45de-bfb2-8c945e2d3255" />
  <Project Path="ejercicio2/ejercicio2.csproj" Id="2cee1364-e662-4fad-a07a-ac7cb4e02094" />
  <Project Path="ejercicio3/ejercicio3.csproj" Id="cf06f2c8-5e82-428d-b550-f4a50217ca7c" />
  <Project Path="ejercicio5/ejercicio5.csproj" Id="79da9354-eee8-4268-9054-a5fccdd62079" />
  <Project Path="ejercicio6/ejercicio6.csproj" Id="d9007ce1-15f8-4f85-a38b-077dbfc10128" />
  <Project Path="ejercico4/ejercicio4.csproj" Id="c23e5592-616e-4d32-9069-afa49a556664" />
</Solution>
