<Solution>
  <Project Path="ejercicio1/ejercicio1.csproj" Id="765e9fcd-0fe0-4ffe-aae9-a3569dd36ae7" />
  <Project Path="ejercicio2/ejercicio2.csproj" Id="824722be-34ea-4e57-99ca-3ffb1ebe9237" />
  <Project Path="ejercicio3/ejercicio3.csproj" Id="98dd5d87-eafb-46bf-b2db-40ede846a5df" />
</Solution>
